[[package]]
name = "black"
version = "21.12b0"
description = "The uncompromising code formatter."
category = "dev"
optional = false
python-versions = ">=3.6.2"

[package.dependencies]
click = ">=7.1.2"
mypy-extensions = ">=0.4.3"
pathspec = ">=0.9.0,<1"
platformdirs = ">=2"
tomli = ">=0.2.6,<2.0.0"
typing-extensions = [
    {version = ">=3.10.0.0", markers = "python_version < \"3.10\""},
    {version = "!=3.10.0.1", markers = "python_version >= \"3.10\""},
]

[package.extras]
colorama = ["colorama (>=0.4.3)"]
d = ["aiohttp (>=3.7.4)"]
jupyter = ["ipython (>=7.8.0)", "tokenize-rt (>=3.2.0)"]
python2 = ["typed-ast (>=1.4.3)"]
uvloop = ["uvloop (>=0.15.2)"]

[[package]]
name = "certifi"
version = "2021.10.8"
description = "Python package for providing Mozilla's CA Bundle."
category = "main"
optional = false
python-versions = "*"

[[package]]
name = "charset-normalizer"
version = "2.0.9"
description = "The Real First Universal Charset Detector. Open, modern and actively maintained alternative to Chardet."
category = "main"
optional = false
python-versions = ">=3.5.0"

[package.extras]
unicode_backport = ["unicodedata2"]

[[package]]
name = "click"
version = "8.0.3"
description = "Composable command line interface toolkit"
category = "dev"
optional = false
python-versions = ">=3.6"

[package.dependencies]
colorama = {version = "*", markers = "platform_system == \"Windows\""}

[[package]]
name = "colorama"
version = "0.4.4"
description = "Cross-platform colored terminal text."
category = "dev"
optional = false
python-versions = ">=2.7, !=3.0.*, !=3.1.*, !=3.2.*, !=3.3.*, !=3.4.*"

[[package]]
name = "idna"
version = "3.3"
description = "Internationalized Domain Names in Applications (IDNA)"
category = "main"
optional = false
python-versions = ">=3.5"

[[package]]
name = "influxdb"
version = "5.3.1"
description = "InfluxDB client"
category = "main"
optional = false
python-versions = "*"

[package.dependencies]
msgpack = "*"
python-dateutil = ">=2.6.0"
pytz = "*"
requests = ">=2.17.0"
six = ">=1.10.0"

[package.extras]
test = ["nose", "nose-cov", "mock", "requests-mock"]

[[package]]
name = "lxml"
version = "4.7.1"
description = "Powerful and Pythonic XML processing library combining libxml2/libxslt with the ElementTree API."
category = "main"
optional = false
python-versions = ">=2.7, !=3.0.*, !=3.1.*, !=3.2.*, !=3.3.*, != 3.4.*"

[package.extras]
cssselect = ["cssselect (>=0.7)"]
html5 = ["html5lib"]
htmlsoup = ["beautifulsoup4"]
source = ["Cython (>=0.29.7)"]

[[package]]
name = "msgpack"
version = "1.0.3"
description = "MessagePack (de)serializer."
category = "main"
optional = false
python-versions = "*"

[[package]]
name = "mypy-extensions"
version = "0.4.3"
description = "Experimental type system extensions for programs checked with the mypy typechecker."
category = "dev"
optional = false
python-versions = "*"

[[package]]
name = "pathspec"
version = "0.9.0"
description = "Utility library for gitignore style pattern matching of file paths."
category = "dev"
optional = false
python-versions = "!=3.0.*,!=3.1.*,!=3.2.*,!=3.3.*,!=3.4.*,>=2.7"

[[package]]
name = "platformdirs"
version = "2.4.0"
description = "A small Python module for determining appropriate platform-specific dirs, e.g. a \"user data dir\"."
category = "dev"
optional = false
python-versions = ">=3.6"

[package.extras]
docs = ["Sphinx (>=4)", "furo (>=2021.7.5b38)", "proselint (>=0.10.2)", "sphinx-autodoc-typehints (>=1.12)"]
test = ["appdirs (==1.4.4)", "pytest (>=6)", "pytest-cov (>=2.7)", "pytest-mock (>=3.6)"]

[[package]]
name = "python-dateutil"
version = "2.8.2"
description = "Extensions to the standard Python datetime module"
category = "main"
optional = false
python-versions = "!=3.0.*,!=3.1.*,!=3.2.*,>=2.7"

[package.dependencies]
six = ">=1.5"

[[package]]
name = "pytz"
version = "2021.3"
description = "World timezone definitions, modern and historical"
category = "main"
optional = false
python-versions = "*"

[[package]]
name = "requests"
version = "2.26.0"
description = "Python HTTP for Humans."
category = "main"
optional = false
python-versions = ">=2.7, !=3.0.*, !=3.1.*, !=3.2.*, !=3.3.*, !=3.4.*, !=3.5.*"

[package.dependencies]
certifi = ">=2017.4.17"
charset-normalizer = {version = ">=2.0.0,<2.1.0", markers = "python_version >= \"3\""}
idna = {version = ">=2.5,<4", markers = "python_version >= \"3\""}
urllib3 = ">=1.21.1,<1.27"

[package.extras]
socks = ["PySocks (>=1.5.6,!=1.5.7)", "win-inet-pton"]
use_chardet_on_py3 = ["chardet (>=3.0.2,<5)"]

[[package]]
name = "sentry-sdk"
version = "1.5.1"
description = "Python client for Sentry (https://sentry.io)"
category = "main"
optional = false
python-versions = "*"

[package.dependencies]
certifi = "*"
urllib3 = ">=1.10.0"

[package.extras]
aiohttp = ["aiohttp (>=3.5)"]
beam = ["apache-beam (>=2.12)"]
bottle = ["bottle (>=0.12.13)"]
celery = ["celery (>=3)"]
chalice = ["chalice (>=1.16.0)"]
django = ["django (>=1.8)"]
falcon = ["falcon (>=1.4)"]
flask = ["flask (>=0.11)", "blinker (>=1.1)"]
httpx = ["httpx (>=0.16.0)"]
pure_eval = ["pure-eval", "executing", "asttokens"]
pyspark = ["pyspark (>=2.4.4)"]
rq = ["rq (>=0.6)"]
sanic = ["sanic (>=0.8)"]
sqlalchemy = ["sqlalchemy (>=1.2)"]
tornado = ["tornado (>=5)"]

[[package]]
name = "six"
version = "1.16.0"
description = "Python 2 and 3 compatibility utilities"
category = "main"
optional = false
python-versions = ">=2.7, !=3.0.*, !=3.1.*, !=3.2.*"

[[package]]
name = "tomli"
version = "1.2.3"
description = "A lil' TOML parser"
category = "dev"
optional = false
python-versions = ">=3.6"

[[package]]
name = "typing-extensions"
version = "4.0.1"
description = "Backported and Experimental Type Hints for Python 3.6+"
category = "dev"
optional = false
python-versions = ">=3.6"

[[package]]
name = "urllib3"
version = "1.26.7"
description = "HTTP library with thread-safe connection pooling, file post, and more."
category = "main"
optional = false
python-versions = ">=2.7, !=3.0.*, !=3.1.*, !=3.2.*, !=3.3.*, !=3.4.*, <4"

[package.extras]
brotli = ["brotlipy (>=0.6.0)"]
secure = ["pyOpenSSL (>=0.14)", "cryptography (>=1.3.4)", "idna (>=2.0.0)", "certifi", "ipaddress"]
socks = ["PySocks (>=1.5.6,!=1.5.7,<2.0)"]

[metadata]
lock-version = "1.1"
python-versions = "^3.10"
content-hash = "b6ee7318f138b084a7d0fd5c434e1b6fdbf40d04023e33dcb1e5725bfbe7b80a"

[metadata.files]
black = [
    {file = "black-21.12b0-py3-none-any.whl", hash = "sha256:a615e69ae185e08fdd73e4715e260e2479c861b5740057fde6e8b4e3b7dd589f"},
    {file = "black-21.12b0.tar.gz", hash = "sha256:77b80f693a569e2e527958459634f18df9b0ba2625ba4e0c2d5da5be42e6f2b3"},
]
certifi = [
    {file = "certifi-2021.10.8-py2.py3-none-any.whl", hash = "sha256:d62a0163eb4c2344ac042ab2bdf75399a71a2d8c7d47eac2e2ee91b9d6339569"},
    {file = "certifi-2021.10.8.tar.gz", hash = "sha256:78884e7c1d4b00ce3cea67b44566851c4343c120abd683433ce934a68ea58872"},
]
charset-normalizer = [
    {file = "charset-normalizer-2.0.9.tar.gz", hash = "sha256:b0b883e8e874edfdece9c28f314e3dd5badf067342e42fb162203335ae61aa2c"},
    {file = "charset_normalizer-2.0.9-py3-none-any.whl", hash = "sha256:1eecaa09422db5be9e29d7fc65664e6c33bd06f9ced7838578ba40d58bdf3721"},
]
click = [
    {file = "click-8.0.3-py3-none-any.whl", hash = "sha256:353f466495adaeb40b6b5f592f9f91cb22372351c84caeb068132442a4518ef3"},
    {file = "click-8.0.3.tar.gz", hash = "sha256:410e932b050f5eed773c4cda94de75971c89cdb3155a72a0831139a79e5ecb5b"},
]
colorama = [
    {file = "colorama-0.4.4-py2.py3-none-any.whl", hash = "sha256:9f47eda37229f68eee03b24b9748937c7dc3868f906e8ba69fbcbdd3bc5dc3e2"},
    {file = "colorama-0.4.4.tar.gz", hash = "sha256:5941b2b48a20143d2267e95b1c2a7603ce057ee39fd88e7329b0c292aa16869b"},
]
idna = [
    {file = "idna-3.3-py3-none-any.whl", hash = "sha256:84d9dd047ffa80596e0f246e2eab0b391788b0503584e8945f2368256d2735ff"},
    {file = "idna-3.3.tar.gz", hash = "sha256:9d643ff0a55b762d5cdb124b8eaa99c66322e2157b69160bc32796e824360e6d"},
]
influxdb = [
    {file = "influxdb-5.3.1-py2.py3-none-any.whl", hash = "sha256:65040a1f53d1a2a4f88a677e89e3a98189a7d30cf2ab61c318aaa89733280747"},
    {file = "influxdb-5.3.1.tar.gz", hash = "sha256:46f85e7b04ee4b3dee894672be6a295c94709003a7ddea8820deec2ac4d8b27a"},
]
lxml = [
    {file = "lxml-4.7.1-cp27-cp27m-macosx_10_14_x86_64.whl", hash = "sha256:d546431636edb1d6a608b348dd58cc9841b81f4116745857b6cb9f8dadb2725f"},
    {file = "lxml-4.7.1-cp27-cp27m-manylinux_2_5_i686.manylinux1_i686.whl", hash = "sha256:6308062534323f0d3edb4e702a0e26a76ca9e0e23ff99be5d82750772df32a9e"},
    {file = "lxml-4.7.1-cp27-cp27m-manylinux_2_5_x86_64.manylinux1_x86_64.whl", hash = "sha256:f76dbe44e31abf516114f6347a46fa4e7c2e8bceaa4b6f7ee3a0a03c8eba3c17"},
    {file = "lxml-4.7.1-cp27-cp27m-win32.whl", hash = "sha256:d5618d49de6ba63fe4510bdada62d06a8acfca0b4b5c904956c777d28382b419"},
    {file = "lxml-4.7.1-cp27-cp27m-win_amd64.whl", hash = "sha256:9393a05b126a7e187f3e38758255e0edf948a65b22c377414002d488221fdaa2"},
    {file = "lxml-4.7.1-cp27-cp27mu-manylinux_2_5_i686.manylinux1_i686.whl", hash = "sha256:50d3dba341f1e583265c1a808e897b4159208d814ab07530202b6036a4d86da5"},
    {file = "lxml-4.7.1-cp27-cp27mu-manylinux_2_5_x86_64.manylinux1_x86_64.whl", hash = "sha256:44f552e0da3c8ee3c28e2eb82b0b784200631687fc6a71277ea8ab0828780e7d"},
    {file = "lxml-4.7.1-cp310-cp310-macosx_10_14_x86_64.whl", hash = "sha256:e662c6266e3a275bdcb6bb049edc7cd77d0b0f7e119a53101d367c841afc66dc"},
    {file = "lxml-4.7.1-cp310-cp310-manylinux_2_12_i686.manylinux2010_i686.manylinux_2_24_i686.whl", hash = "sha256:4c093c571bc3da9ebcd484e001ba18b8452903cd428c0bc926d9b0141bcb710e"},
    {file = "lxml-4.7.1-cp310-cp310-manylinux_2_17_aarch64.manylinux2014_aarch64.manylinux_2_24_aarch64.whl", hash = "sha256:3e26ad9bc48d610bf6cc76c506b9e5ad9360ed7a945d9be3b5b2c8535a0145e3"},
    {file = "lxml-4.7.1-cp310-cp310-manylinux_2_17_x86_64.manylinux2014_x86_64.manylinux_2_24_x86_64.whl", hash = "sha256:a5f623aeaa24f71fce3177d7fee875371345eb9102b355b882243e33e04b7175"},
    {file = "lxml-4.7.1-cp310-cp310-musllinux_1_1_x86_64.whl", hash = "sha256:7b5e2acefd33c259c4a2e157119c4373c8773cf6793e225006a1649672ab47a6"},
    {file = "lxml-4.7.1-cp310-cp310-win32.whl", hash = "sha256:67fa5f028e8a01e1d7944a9fb616d1d0510d5d38b0c41708310bd1bc45ae89f6"},
    {file = "lxml-4.7.1-cp310-cp310-win_amd64.whl", hash = "sha256:b1d381f58fcc3e63fcc0ea4f0a38335163883267f77e4c6e22d7a30877218a0e"},
    {file = "lxml-4.7.1-cp35-cp35m-manylinux_2_5_i686.manylinux1_i686.whl", hash = "sha256:38d9759733aa04fb1697d717bfabbedb21398046bd07734be7cccc3d19ea8675"},
    {file = "lxml-4.7.1-cp35-cp35m-manylinux_2_5_x86_64.manylinux1_x86_64.whl", hash = "sha256:dfd0d464f3d86a1460683cd742306d1138b4e99b79094f4e07e1ca85ee267fe7"},
    {file = "lxml-4.7.1-cp35-cp35m-win32.whl", hash = "sha256:534e946bce61fd162af02bad7bfd2daec1521b71d27238869c23a672146c34a5"},
    {file = "lxml-4.7.1-cp35-cp35m-win_amd64.whl", hash = "sha256:6ec829058785d028f467be70cd195cd0aaf1a763e4d09822584ede8c9eaa4b03"},
    {file = "lxml-4.7.1-cp36-cp36m-macosx_10_14_x86_64.whl", hash = "sha256:ade74f5e3a0fd17df5782896ddca7ddb998845a5f7cd4b0be771e1ffc3b9aa5b"},
    {file = "lxml-4.7.1-cp36-cp36m-manylinux_2_12_i686.manylinux2010_i686.manylinux_2_24_i686.whl", hash = "sha256:41358bfd24425c1673f184d7c26c6ae91943fe51dfecc3603b5e08187b4bcc55"},
    {file = "lxml-4.7.1-cp36-cp36m-manylinux_2_17_x86_64.manylinux2014_x86_64.manylinux_2_24_x86_64.whl", hash = "sha256:6e56521538f19c4a6690f439fefed551f0b296bd785adc67c1777c348beb943d"},
    {file = "lxml-4.7.1-cp36-cp36m-manylinux_2_5_i686.manylinux1_i686.whl", hash = "sha256:5b0f782f0e03555c55e37d93d7a57454efe7495dab33ba0ccd2dbe25fc50f05d"},
    {file = "lxml-4.7.1-cp36-cp36m-manylinux_2_5_x86_64.manylinux1_x86_64.whl", hash = "sha256:490712b91c65988012e866c411a40cc65b595929ececf75eeb4c79fcc3bc80a6"},
    {file = "lxml-4.7.1-cp36-cp36m-musllinux_1_1_x86_64.whl", hash = "sha256:34c22eb8c819d59cec4444d9eebe2e38b95d3dcdafe08965853f8799fd71161d"},
    {file = "lxml-4.7.1-cp36-cp36m-win32.whl", hash = "sha256:2a906c3890da6a63224d551c2967413b8790a6357a80bf6b257c9a7978c2c42d"},
    {file = "lxml-4.7.1-cp36-cp36m-win_amd64.whl", hash = "sha256:36b16fecb10246e599f178dd74f313cbdc9f41c56e77d52100d1361eed24f51a"},
    {file = "lxml-4.7.1-cp37-cp37m-macosx_10_14_x86_64.whl", hash = "sha256:a5edc58d631170de90e50adc2cc0248083541affef82f8cd93bea458e4d96db8"},
    {file = "lxml-4.7.1-cp37-cp37m-manylinux_2_12_i686.manylinux2010_i686.manylinux_2_24_i686.whl", hash = "sha256:87c1b0496e8c87ec9db5383e30042357b4839b46c2d556abd49ec770ce2ad868"},
    {file = "lxml-4.7.1-cp37-cp37m-manylinux_2_17_aarch64.manylinux2014_aarch64.manylinux_2_24_aarch64.whl", hash = "sha256:0a5f0e4747f31cff87d1eb32a6000bde1e603107f632ef4666be0dc065889c7a"},
    {file = "lxml-4.7.1-cp37-cp37m-manylinux_2_17_x86_64.manylinux2014_x86_64.manylinux_2_24_x86_64.whl", hash = "sha256:bf6005708fc2e2c89a083f258b97709559a95f9a7a03e59f805dd23c93bc3986"},
    {file = "lxml-4.7.1-cp37-cp37m-manylinux_2_5_i686.manylinux1_i686.whl", hash = "sha256:fc15874816b9320581133ddc2096b644582ab870cf6a6ed63684433e7af4b0d3"},
    {file = "lxml-4.7.1-cp37-cp37m-manylinux_2_5_x86_64.manylinux1_x86_64.whl", hash = "sha256:0b5e96e25e70917b28a5391c2ed3ffc6156513d3db0e1476c5253fcd50f7a944"},
    {file = "lxml-4.7.1-cp37-cp37m-musllinux_1_1_x86_64.whl", hash = "sha256:ec9027d0beb785a35aa9951d14e06d48cfbf876d8ff67519403a2522b181943b"},
    {file = "lxml-4.7.1-cp37-cp37m-win32.whl", hash = "sha256:9fbc0dee7ff5f15c4428775e6fa3ed20003140560ffa22b88326669d53b3c0f4"},
    {file = "lxml-4.7.1-cp37-cp37m-win_amd64.whl", hash = "sha256:1104a8d47967a414a436007c52f533e933e5d52574cab407b1e49a4e9b5ddbd1"},
    {file = "lxml-4.7.1-cp38-cp38-macosx_10_14_x86_64.whl", hash = "sha256:fc9fb11b65e7bc49f7f75aaba1b700f7181d95d4e151cf2f24d51bfd14410b77"},
    {file = "lxml-4.7.1-cp38-cp38-manylinux_2_12_i686.manylinux2010_i686.manylinux_2_24_i686.whl", hash = "sha256:317bd63870b4d875af3c1be1b19202de34c32623609ec803b81c99193a788c1e"},
    {file = "lxml-4.7.1-cp38-cp38-manylinux_2_17_aarch64.manylinux2014_aarch64.manylinux_2_24_aarch64.whl", hash = "sha256:610807cea990fd545b1559466971649e69302c8a9472cefe1d6d48a1dee97440"},
    {file = "lxml-4.7.1-cp38-cp38-manylinux_2_17_x86_64.manylinux2014_x86_64.manylinux_2_24_x86_64.whl", hash = "sha256:09b738360af8cb2da275998a8bf79517a71225b0de41ab47339c2beebfff025f"},
    {file = "lxml-4.7.1-cp38-cp38-manylinux_2_5_i686.manylinux1_i686.whl", hash = "sha256:6a2ab9d089324d77bb81745b01f4aeffe4094306d939e92ba5e71e9a6b99b71e"},
    {file = "lxml-4.7.1-cp38-cp38-manylinux_2_5_x86_64.manylinux1_x86_64.whl", hash = "sha256:eed394099a7792834f0cb4a8f615319152b9d801444c1c9e1b1a2c36d2239f9e"},
    {file = "lxml-4.7.1-cp38-cp38-musllinux_1_1_x86_64.whl", hash = "sha256:735e3b4ce9c0616e85f302f109bdc6e425ba1670a73f962c9f6b98a6d51b77c9"},
    {file = "lxml-4.7.1-cp38-cp38-win32.whl", hash = "sha256:772057fba283c095db8c8ecde4634717a35c47061d24f889468dc67190327bcd"},
    {file = "lxml-4.7.1-cp38-cp38-win_amd64.whl", hash = "sha256:13dbb5c7e8f3b6a2cf6e10b0948cacb2f4c9eb05029fe31c60592d08ac63180d"},
    {file = "lxml-4.7.1-cp39-cp39-macosx_10_14_x86_64.whl", hash = "sha256:718d7208b9c2d86aaf0294d9381a6acb0158b5ff0f3515902751404e318e02c9"},
    {file = "lxml-4.7.1-cp39-cp39-manylinux_2_12_i686.manylinux2010_i686.manylinux_2_24_i686.whl", hash = "sha256:5bee1b0cbfdb87686a7fb0e46f1d8bd34d52d6932c0723a86de1cc532b1aa489"},
    {file = "lxml-4.7.1-cp39-cp39-manylinux_2_17_aarch64.manylinux2014_aarch64.manylinux_2_24_aarch64.whl", hash = "sha256:e410cf3a2272d0a85526d700782a2fa92c1e304fdcc519ba74ac80b8297adf36"},
    {file = "lxml-4.7.1-cp39-cp39-manylinux_2_17_x86_64.manylinux2014_x86_64.manylinux_2_24_x86_64.whl", hash = "sha256:585ea241ee4961dc18a95e2f5581dbc26285fcf330e007459688096f76be8c42"},
    {file = "lxml-4.7.1-cp39-cp39-manylinux_2_5_i686.manylinux1_i686.whl", hash = "sha256:a555e06566c6dc167fbcd0ad507ff05fd9328502aefc963cb0a0547cfe7f00db"},
    {file = "lxml-4.7.1-cp39-cp39-manylinux_2_5_x86_64.manylinux1_x86_64.whl", hash = "sha256:adaab25be351fff0d8a691c4f09153647804d09a87a4e4ea2c3f9fe9e8651851"},
    {file = "lxml-4.7.1-cp39-cp39-musllinux_1_1_x86_64.whl", hash = "sha256:82d16a64236970cb93c8d63ad18c5b9f138a704331e4b916b2737ddfad14e0c4"},
    {file = "lxml-4.7.1-cp39-cp39-win32.whl", hash = "sha256:59e7da839a1238807226f7143c68a479dee09244d1b3cf8c134f2fce777d12d0"},
    {file = "lxml-4.7.1-cp39-cp39-win_amd64.whl", hash = "sha256:a1bbc4efa99ed1310b5009ce7f3a1784698082ed2c1ef3895332f5df9b3b92c2"},
    {file = "lxml-4.7.1-pp37-pypy37_pp73-macosx_10_14_x86_64.whl", hash = "sha256:0607ff0988ad7e173e5ddf7bf55ee65534bd18a5461183c33e8e41a59e89edf4"},
    {file = "lxml-4.7.1-pp37-pypy37_pp73-manylinux_2_12_i686.manylinux2010_i686.manylinux_2_24_i686.whl", hash = "sha256:6c198bfc169419c09b85ab10cb0f572744e686f40d1e7f4ed09061284fc1303f"},
    {file = "lxml-4.7.1-pp37-pypy37_pp73-manylinux_2_17_x86_64.manylinux2014_x86_64.manylinux_2_24_x86_64.whl", hash = "sha256:a58d78653ae422df6837dd4ca0036610b8cb4962b5cfdbd337b7b24de9e5f98a"},
    {file = "lxml-4.7.1-pp38-pypy38_pp73-macosx_10_14_x86_64.whl", hash = "sha256:e18281a7d80d76b66a9f9e68a98cf7e1d153182772400d9a9ce855264d7d0ce7"},
    {file = "lxml-4.7.1-pp38-pypy38_pp73-manylinux_2_12_i686.manylinux2010_i686.manylinux_2_24_i686.whl", hash = "sha256:8e54945dd2eeb50925500957c7c579df3cd07c29db7810b83cf30495d79af267"},
    {file = "lxml-4.7.1-pp38-pypy38_pp73-manylinux_2_17_x86_64.manylinux2014_x86_64.manylinux_2_24_x86_64.whl", hash = "sha256:447d5009d6b5447b2f237395d0018901dcc673f7d9f82ba26c1b9f9c3b444b60"},
    {file = "lxml-4.7.1.tar.gz", hash = "sha256:a1613838aa6b89af4ba10a0f3a972836128801ed008078f8c1244e65958f1b24"},
]
msgpack = [
    {file = "msgpack-1.0.3-cp310-cp310-macosx_10_9_universal2.whl", hash = "sha256:96acc674bb9c9be63fa8b6dabc3248fdc575c4adc005c440ad02f87ca7edd079"},
    {file = "msgpack-1.0.3-cp310-cp310-macosx_10_9_x86_64.whl", hash = "sha256:2c3ca57c96c8e69c1a0d2926a6acf2d9a522b41dc4253a8945c4c6cd4981a4e3"},
    {file = "msgpack-1.0.3-cp310-cp310-manylinux_2_17_aarch64.manylinux2014_aarch64.whl", hash = "sha256:b0a792c091bac433dfe0a70ac17fc2087d4595ab835b47b89defc8bbabcf5c73"},
    {file = "msgpack-1.0.3-cp310-cp310-manylinux_2_17_x86_64.manylinux2014_x86_64.whl", hash = "sha256:1c58cdec1cb5fcea8c2f1771d7b5fec79307d056874f746690bd2bdd609ab147"},
    {file = "msgpack-1.0.3-cp310-cp310-manylinux_2_5_i686.manylinux1_i686.manylinux_2_17_i686.manylinux2014_i686.whl", hash = "sha256:2f97c0f35b3b096a330bb4a1a9247d0bd7e1f3a2eba7ab69795501504b1c2c39"},
    {file = "msgpack-1.0.3-cp310-cp310-win32.whl", hash = "sha256:36a64a10b16c2ab31dcd5f32d9787ed41fe68ab23dd66957ca2826c7f10d0b85"},
    {file = "msgpack-1.0.3-cp310-cp310-win_amd64.whl", hash = "sha256:c1ba333b4024c17c7591f0f372e2daa3c31db495a9b2af3cf664aef3c14354f7"},
    {file = "msgpack-1.0.3-cp36-cp36m-macosx_10_9_x86_64.whl", hash = "sha256:c2140cf7a3ec475ef0938edb6eb363fa704159e0bf71dde15d953bacc1cf9d7d"},
    {file = "msgpack-1.0.3-cp36-cp36m-manylinux_2_17_aarch64.manylinux2014_aarch64.whl", hash = "sha256:6f4c22717c74d44bcd7af353024ce71c6b55346dad5e2cc1ddc17ce8c4507c6b"},
    {file = "msgpack-1.0.3-cp36-cp36m-manylinux_2_17_x86_64.manylinux2014_x86_64.whl", hash = "sha256:47d733a15ade190540c703de209ffbc42a3367600421b62ac0c09fde594da6ec"},
    {file = "msgpack-1.0.3-cp36-cp36m-manylinux_2_5_i686.manylinux1_i686.manylinux_2_17_i686.manylinux2014_i686.whl", hash = "sha256:c7e03b06f2982aa98d4ddd082a210c3db200471da523f9ac197f2828e80e7770"},
    {file = "msgpack-1.0.3-cp36-cp36m-win32.whl", hash = "sha256:3d875631ecab42f65f9dce6f55ce6d736696ced240f2634633188de2f5f21af9"},
    {file = "msgpack-1.0.3-cp36-cp36m-win_amd64.whl", hash = "sha256:40fb89b4625d12d6027a19f4df18a4de5c64f6f3314325049f219683e07e678a"},
    {file = "msgpack-1.0.3-cp37-cp37m-macosx_10_9_x86_64.whl", hash = "sha256:6eef0cf8db3857b2b556213d97dd82de76e28a6524853a9beb3264983391dc1a"},
    {file = "msgpack-1.0.3-cp37-cp37m-manylinux_2_17_aarch64.manylinux2014_aarch64.whl", hash = "sha256:0d8c332f53ffff01953ad25131272506500b14750c1d0ce8614b17d098252fbc"},
    {file = "msgpack-1.0.3-cp37-cp37m-manylinux_2_17_x86_64.manylinux2014_x86_64.whl", hash = "sha256:9c0903bd93cbd34653dd63bbfcb99d7539c372795201f39d16fdfde4418de43a"},
    {file = "msgpack-1.0.3-cp37-cp37m-manylinux_2_5_i686.manylinux1_i686.manylinux_2_17_i686.manylinux2014_i686.whl", hash = "sha256:bf1e6bfed4860d72106f4e0a1ab519546982b45689937b40257cfd820650b920"},
    {file = "msgpack-1.0.3-cp37-cp37m-win32.whl", hash = "sha256:d02cea2252abc3756b2ac31f781f7a98e89ff9759b2e7450a1c7a0d13302ff50"},
    {file = "msgpack-1.0.3-cp37-cp37m-win_amd64.whl", hash = "sha256:2f30dd0dc4dfe6231ad253b6f9f7128ac3202ae49edd3f10d311adc358772dba"},
    {file = "msgpack-1.0.3-cp38-cp38-macosx_10_9_universal2.whl", hash = "sha256:f201d34dc89342fabb2a10ed7c9a9aaaed9b7af0f16a5923f1ae562b31258dea"},
    {file = "msgpack-1.0.3-cp38-cp38-macosx_10_9_x86_64.whl", hash = "sha256:bb87f23ae7d14b7b3c21009c4b1705ec107cb21ee71975992f6aca571fb4a42a"},
    {file = "msgpack-1.0.3-cp38-cp38-manylinux_2_17_aarch64.manylinux2014_aarch64.whl", hash = "sha256:8a3a5c4b16e9d0edb823fe54b59b5660cc8d4782d7bf2c214cb4b91a1940a8ef"},
    {file = "msgpack-1.0.3-cp38-cp38-manylinux_2_17_x86_64.manylinux2014_x86_64.whl", hash = "sha256:f74da1e5fcf20ade12c6bf1baa17a2dc3604958922de8dc83cbe3eff22e8b611"},
    {file = "msgpack-1.0.3-cp38-cp38-manylinux_2_5_i686.manylinux1_i686.manylinux_2_17_i686.manylinux2014_i686.whl", hash = "sha256:73a80bd6eb6bcb338c1ec0da273f87420829c266379c8c82fa14c23fb586cfa1"},
    {file = "msgpack-1.0.3-cp38-cp38-win32.whl", hash = "sha256:9fce00156e79af37bb6db4e7587b30d11e7ac6a02cb5bac387f023808cd7d7f4"},
    {file = "msgpack-1.0.3-cp38-cp38-win_amd64.whl", hash = "sha256:9b6f2d714c506e79cbead331de9aae6837c8dd36190d02da74cb409b36162e8a"},
    {file = "msgpack-1.0.3-cp39-cp39-macosx_10_9_universal2.whl", hash = "sha256:89908aea5f46ee1474cc37fbc146677f8529ac99201bc2faf4ef8edc023c2bf3"},
    {file = "msgpack-1.0.3-cp39-cp39-macosx_10_9_x86_64.whl", hash = "sha256:973ad69fd7e31159eae8f580f3f707b718b61141838321c6fa4d891c4a2cca52"},
    {file = "msgpack-1.0.3-cp39-cp39-manylinux_2_17_aarch64.manylinux2014_aarch64.whl", hash = "sha256:da24375ab4c50e5b7486c115a3198d207954fe10aaa5708f7b65105df09109b2"},
    {file = "msgpack-1.0.3-cp39-cp39-manylinux_2_17_x86_64.manylinux2014_x86_64.whl", hash = "sha256:a598d0685e4ae07a0672b59792d2cc767d09d7a7f39fd9bd37ff84e060b1a996"},
    {file = "msgpack-1.0.3-cp39-cp39-manylinux_2_5_i686.manylinux1_i686.manylinux_2_17_i686.manylinux2014_i686.whl", hash = "sha256:e4c309a68cb5d6bbd0c50d5c71a25ae81f268c2dc675c6f4ea8ab2feec2ac4e2"},
    {file = "msgpack-1.0.3-cp39-cp39-win32.whl", hash = "sha256:494471d65b25a8751d19c83f1a482fd411d7ca7a3b9e17d25980a74075ba0e88"},
    {file = "msgpack-1.0.3-cp39-cp39-win_amd64.whl", hash = "sha256:f01b26c2290cbd74316990ba84a14ac3d599af9cebefc543d241a66e785cf17d"},
    {file = "msgpack-1.0.3.tar.gz", hash = "sha256:51fdc7fb93615286428ee7758cecc2f374d5ff363bdd884c7ea622a7a327a81e"},
]
mypy-extensions = [
    {file = "mypy_extensions-0.4.3-py2.py3-none-any.whl", hash = "sha256:090fedd75945a69ae91ce1303b5824f428daf5a028d2f6ab8a299250a846f15d"},
    {file = "mypy_extensions-0.4.3.tar.gz", hash = "sha256:2d82818f5bb3e369420cb3c4060a7970edba416647068eb4c5343488a6c604a8"},
]
pathspec = [
    {file = "pathspec-0.9.0-py2.py3-none-any.whl", hash = "sha256:7d15c4ddb0b5c802d161efc417ec1a2558ea2653c2e8ad9c19098201dc1c993a"},
    {file = "pathspec-0.9.0.tar.gz", hash = "sha256:e564499435a2673d586f6b2130bb5b95f04a3ba06f81b8f895b651a3c76aabb1"},
]
platformdirs = [
    {file = "platformdirs-2.4.0-py3-none-any.whl", hash = "sha256:8868bbe3c3c80d42f20156f22e7131d2fb321f5bc86a2a345375c6481a67021d"},
    {file = "platformdirs-2.4.0.tar.gz", hash = "sha256:367a5e80b3d04d2428ffa76d33f124cf11e8fff2acdaa9b43d545f5c7d661ef2"},
]
python-dateutil = [
    {file = "python-dateutil-2.8.2.tar.gz", hash = "sha256:0123cacc1627ae19ddf3c27a5de5bd67ee4586fbdd6440d9748f8abb483d3e86"},
    {file = "python_dateutil-2.8.2-py2.py3-none-any.whl", hash = "sha256:961d03dc3453ebbc59dbdea9e4e11c5651520a876d0f4db161e8674aae935da9"},
]
pytz = [
    {file = "pytz-2021.3-py2.py3-none-any.whl", hash = "sha256:3672058bc3453457b622aab7a1c3bfd5ab0bdae451512f6cf25f64ed37f5b87c"},
    {file = "pytz-2021.3.tar.gz", hash = "sha256:acad2d8b20a1af07d4e4c9d2e9285c5ed9104354062f275f3fcd88dcef4f1326"},
]
requests = [
    {file = "requests-2.26.0-py2.py3-none-any.whl", hash = "sha256:6c1246513ecd5ecd4528a0906f910e8f0f9c6b8ec72030dc9fd154dc1a6efd24"},
    {file = "requests-2.26.0.tar.gz", hash = "sha256:b8aa58f8cf793ffd8782d3d8cb19e66ef36f7aba4353eec859e74678b01b07a7"},
]
sentry-sdk = [
    {file = "sentry-sdk-1.5.1.tar.gz", hash = "sha256:2a1757d6611e4bec7d672c2b7ef45afef79fed201d064f53994753303944f5a8"},
    {file = "sentry_sdk-1.5.1-py2.py3-none-any.whl", hash = "sha256:e4cb107e305b2c1b919414775fa73a9997f996447417d22b98e7610ded1e9eb5"},
]
six = [
    {file = "six-1.16.0-py2.py3-none-any.whl", hash = "sha256:8abb2f1d86890a2dfb989f9a77cfcfd3e47c2a354b01111771326f8aa26e0254"},
    {file = "six-1.16.0.tar.gz", hash = "sha256:1e61c37477a1626458e36f7b1d82aa5c9b094fa4802892072e49de9c60c4c926"},
]
tomli = [
    {file = "tomli-1.2.3-py3-none-any.whl", hash = "sha256:e3069e4be3ead9668e21cb9b074cd948f7b3113fd9c8bba083f48247aab8b11c"},
    {file = "tomli-1.2.3.tar.gz", hash = "sha256:05b6166bff487dc068d322585c7ea4ef78deed501cc124060e0f238e89a9231f"},
]
typing-extensions = [
    {file = "typing_extensions-4.0.1-py3-none-any.whl", hash = "sha256:7f001e5ac290a0c0401508864c7ec868be4e701886d5b573a9528ed3973d9d3b"},
    {file = "typing_extensions-4.0.1.tar.gz", hash = "sha256:4ca091dea149f945ec56afb48dae714f21e8692ef22a395223bcd328961b6a0e"},
]
urllib3 = [
    {file = "urllib3-1.26.7-py2.py3-none-any.whl", hash = "sha256:c4fdf4019605b6e5423637e01bc9fe4daef873709a7973e195ceba0a62bbc844"},
    {file = "urllib3-1.26.7.tar.gz", hash = "sha256:4987c65554f7a2dbf30c18fd48778ef124af6fab771a377103da0585e2336ece"},
]
